
Microsoft Visual Studio Solution File, Format Version 12.00
# Visual Studio Version 17
VisualStudioVersion = 17.8.34408.163
MinimumVisualStudioVersion = 10.0.40219.1
Project("{9A19103F-16F7-4668-BE54-9A1E7A4F7556}") = "PhraseFinder.Domain", "PhraseFinder.Domain\PhraseFinder.Domain.csproj", "{E25B22EA-0C07-46BA-A9D2-97CB0BB36235}"
EndProject
Project("{9A19103F-16F7-4668-BE54-9A1E7A4F7556}") = "PhraseFinder.Domain.Tests", "PhraseFinder.Domain.Tests\PhraseFinder.Domain.Tests.csproj", "{639B035B-4A81-4A52-9242-04655328C3C5}"
EndProject
Project("{9A19103F-16F7-4668-BE54-9A1E7A4F7556}") = "PhraseFinder.PerformanceTests", "PhraseFinder.PerformanceTests\PhraseFinder.PerformanceTests.csproj", "{0717D560-6DAA-48C4-A51A-8EFD5E93BC93}"
EndProject
Project("{9A19103F-16F7-4668-BE54-9A1E7A4F7556}") = "PhraseFinder.Data", "PhraseFinder.Data\PhraseFinder.Data.csproj", "{75730D3D-6D5A-4D44-8771-AFBD6FDADF1C}"
EndProject
Project("{9A19103F-16F7-4668-BE54-9A1E7A4F7556}") = "PhraseFinder.Data.Tests", "PhraseFinder.Data.Tests\PhraseFinder.Data.Tests.csproj", "{21B08096-AB54-46CB-8F5C-8F2E5573CE7B}"
EndProject
Project("{9A19103F-16F7-4668-BE54-9A1E7A4F7556}") = "PhraseFinder.WPF", "PhraseFinder.WPF\PhraseFinder.WPF.csproj", "{D1F56D32-C0B0-4385-902F-7C169C7E8AD0}"
EndProject
Project("{FAE04EC0-301F-11D3-BF4B-00C04F79EFBC}") = "PhraseFinder.WCF", "PhraseFinder.WCF\PhraseFinder.WCF.csproj", "{8EE7BC04-BCBC-4BB6-8296-C1867AD70105}"
EndProject
Project("{9A19103F-16F7-4668-BE54-9A1E7A4F7556}") = "PhraseFinder.WCF.PerformanceTests", "PhraseFinder.WCF.PerformanceTests\PhraseFinder.WCF.PerformanceTests.csproj", "{EF1C30AF-932B-49A0-94E6-1835D5E5D01C}"
EndProject
Project("{9A19103F-16F7-4668-BE54-9A1E7A4F7556}") = "PhraseFinder.WebApp", "PhraseFinder.WebApp\PhraseFinder.WebApp.csproj", "{2F6FDBD5-1EA1-4483-830A-F95CE86F2F76}"
EndProject
Global
	GlobalSection(SolutionConfigurationPlatforms) = preSolution
		Debug|Any CPU = Debug|Any CPU
		Release|Any CPU = Release|Any CPU
	EndGlobalSection
	GlobalSection(ProjectConfigurationPlatforms) = postSolution
		{E25B22EA-0C07-46BA-A9D2-97CB0BB36235}.Debug|Any CPU.ActiveCfg = Debug|Any CPU
		{E25B22EA-0C07-46BA-A9D2-97CB0BB36235}.Debug|Any CPU.Build.0 = Debug|Any CPU
		{E25B22EA-0C07-46BA-A9D2-97CB0BB36235}.Release|Any CPU.ActiveCfg = Release|Any CPU
		{E25B22EA-0C07-46BA-A9D2-97CB0BB36235}.Release|Any CPU.Build.0 = Release|Any CPU
		{639B035B-4A81-4A52-9242-04655328C3C5}.Debug|Any CPU.ActiveCfg = Debug|Any CPU
		{639B035B-4A81-4A52-9242-04655328C3C5}.Debug|Any CPU.Build.0 = Debug|Any CPU
		{639B035B-4A81-4A52-9242-04655328C3C5}.Release|Any CPU.ActiveCfg = Release|Any CPU
		{639B035B-4A81-4A52-9242-04655328C3C5}.Release|Any CPU.Build.0 = Release|Any CPU
		{0717D560-6DAA-48C4-A51A-8EFD5E93BC93}.Debug|Any CPU.ActiveCfg = Debug|Any CPU
		{0717D560-6DAA-48C4-A51A-8EFD5E93BC93}.Debug|Any CPU.Build.0 = Debug|Any CPU
		{0717D560-6DAA-48C4-A51A-8EFD5E93BC93}.Release|Any CPU.ActiveCfg = Release|Any CPU
		{0717D560-6DAA-48C4-A51A-8EFD5E93BC93}.Release|Any CPU.Build.0 = Release|Any CPU
		{75730D3D-6D5A-4D44-8771-AFBD6FDADF1C}.Debug|Any CPU.ActiveCfg = Debug|Any CPU
		{75730D3D-6D5A-4D44-8771-AFBD6FDADF1C}.Debug|Any CPU.Build.0 = Debug|Any CPU
		{75730D3D-6D5A-4D44-8771-AFBD6FDADF1C}.Release|Any CPU.ActiveCfg = Release|Any CPU
		{75730D3D-6D5A-4D44-8771-AFBD6FDADF1C}.Release|Any CPU.Build.0 = Release|Any CPU
		{21B08096-AB54-46CB-8F5C-8F2E5573CE7B}.Debug|Any CPU.ActiveCfg = Debug|Any CPU
		{21B08096-AB54-46CB-8F5C-8F2E5573CE7B}.Debug|Any CPU.Build.0 = Debug|Any CPU
		{21B08096-AB54-46CB-8F5C-8F2E5573CE7B}.Release|Any CPU.ActiveCfg = Release|Any CPU
		{21B08096-AB54-46CB-8F5C-8F2E5573CE7B}.Release|Any CPU.Build.0 = Release|Any CPU
		{D1F56D32-C0B0-4385-902F-7C169C7E8AD0}.Debug|Any CPU.ActiveCfg = Debug|Any CPU
		{D1F56D32-C0B0-4385-902F-7C169C7E8AD0}.Debug|Any CPU.Build.0 = Debug|Any CPU
		{D1F56D32-C0B0-4385-902F-7C169C7E8AD0}.Release|Any CPU.ActiveCfg = Release|Any CPU
		{D1F56D32-C0B0-4385-902F-7C169C7E8AD0}.Release|Any CPU.Build.0 = Release|Any CPU
		{8EE7BC04-BCBC-4BB6-8296-C1867AD70105}.Debug|Any CPU.ActiveCfg = Debug|Any CPU
		{8EE7BC04-BCBC-4BB6-8296-C1867AD70105}.Debug|Any CPU.Build.0 = Debug|Any CPU
		{8EE7BC04-BCBC-4BB6-8296-C1867AD70105}.Release|Any CPU.ActiveCfg = Release|Any CPU
		{8EE7BC04-BCBC-4BB6-8296-C1867AD70105}.Release|Any CPU.Build.0 = Release|Any CPU
		{EF1C30AF-932B-49A0-94E6-1835D5E5D01C}.Debug|Any CPU.ActiveCfg = Debug|Any CPU
		{EF1C30AF-932B-49A0-94E6-1835D5E5D01C}.Debug|Any CPU.Build.0 = Debug|Any CPU
		{EF1C30AF-932B-49A0-94E6-1835D5E5D01C}.Release|Any CPU.ActiveCfg = Release|Any CPU
		{EF1C30AF-932B-49A0-94E6-1835D5E5D01C}.Release|Any CPU.Build.0 = Release|Any CPU
		{2F6FDBD5-1EA1-4483-830A-F95CE86F2F76}.Debug|Any CPU.ActiveCfg = Debug|Any CPU
		{2F6FDBD5-1EA1-4483-830A-F95CE86F2F76}.Debug|Any CPU.Build.0 = Debug|Any CPU
		{2F6FDBD5-1EA1-4483-830A-F95CE86F2F76}.Release|Any CPU.ActiveCfg = Release|Any CPU
		{2F6FDBD5-1EA1-4483-830A-F95CE86F2F76}.Release|Any CPU.Build.0 = Release|Any CPU
	EndGlobalSection
	GlobalSection(SolutionProperties) = preSolution
		HideSolutionNode = FALSE
	EndGlobalSection
	GlobalSection(ExtensibilityGlobals) = postSolution
		SolutionGuid = {2FADFA0E-32CA-4946-A6B1-F4AECA00BF5F}
	EndGlobalSection
EndGlobal
